
Microsoft Visual Studio Solution File, Format Version 12.00
# Visual Studio 2013
VisualStudioVersion = 12.0.31101.0
MinimumVisualStudioVersion = 10.0.40219.1
Project("{FAE04EC0-301F-11D3-BF4B-00C04F79EFBC}") = "AutoMapper.Sketch", "AutoMapper.Sketch\AutoMapper.Sketch.csproj", "{1375D91F-A5B0-4C59-B8AF-2D34F60C5AD5}"
EndProject
Project("{FAE04EC0-301F-11D3-BF4B-00C04F79EFBC}") = "AutoMapper.Sketch.DataAccessLayer", "AutoMapper.Sketch.DataAccessLayer\AutoMapper.Sketch.DataAccessLayer.csproj", "{9CB2E25F-2403-4DBF-8DCE-6D80AF537021}"
EndProject
Global
	GlobalSection(SolutionConfigurationPlatforms) = preSolution
		Debug|Any CPU = Debug|Any CPU
		Release|Any CPU = Release|Any CPU
	EndGlobalSection
	GlobalSection(ProjectConfigurationPlatforms) = postSolution
		{1375D91F-A5B0-4C59-B8AF-2D34F60C5AD5}.Debug|Any CPU.ActiveCfg = Debug|Any CPU
		{1375D91F-A5B0-4C59-B8AF-2D34F60C5AD5}.Debug|Any CPU.Build.0 = Debug|Any CPU
		{1375D91F-A5B0-4C59-B8AF-2D34F60C5AD5}.Release|Any CPU.ActiveCfg = Release|Any CPU
		{1375D91F-A5B0-4C59-B8AF-2D34F60C5AD5}.Release|Any CPU.Build.0 = Release|Any CPU
		{9CB2E25F-2403-4DBF-8DCE-6D80AF537021}.Debug|Any CPU.ActiveCfg = Debug|Any CPU
		{9CB2E25F-2403-4DBF-8DCE-6D80AF537021}.Debug|Any CPU.Build.0 = Debug|Any CPU
		{9CB2E25F-2403-4DBF-8DCE-6D80AF537021}.Release|Any CPU.ActiveCfg = Release|Any CPU
		{9CB2E25F-2403-4DBF-8DCE-6D80AF537021}.Release|Any CPU.Build.0 = Release|Any CPU
	EndGlobalSection
	GlobalSection(SolutionProperties) = preSolution
		HideSolutionNode = FALSE
	EndGlobalSection
EndGlobal
